# This file is generated by running "yarn install" inside your project.
# Manual changes might be lost - proceed with caution!

__metadata:
  version: 8
  cacheKey: 10c0

"commonjs-simple@workspace:.":
  version: 0.0.0-use.local
  resolution: "commonjs-simple@workspace:."
  dependencies:
    harper.js: "npm:^0.14.0"
  languageName: unknown
  linkType: soft

"harper.js@npm:^0.14.0":
  version: 0.14.0
  resolution: "harper.js@npm:0.14.0"
  checksum: 10c0/7ee0a61fddff4c4cdf28a7338abaa5d34dc4823a070c5d49277fd6682dcba3394c55e3f47f903194fda4a422c6bd8e442f6c2c653c45dd0f48d3e3174f18dca9
  languageName: node
  linkType: hard
